// !$*UTF8*$!
{
	archiveVersion = 1;
	classes = {
	};
	objectVersion = 56;
	objects = {

/* Begin PBXBuildFile section */
		AB7989BE2B5D0B04004FBF1D /* AppDelegate.swift in Sources */ = {isa = PBXBuildFile; fileRef = AB7989BD2B5D0B04004FBF1D /* AppDelegate.swift */; };
		AB7989C02B5D0B04004FBF1D /* SceneDelegate.swift in Sources */ = {isa = PBXBuildFile; fileRef = AB7989BF2B5D0B04004FBF1D /* SceneDelegate.swift */; };
		AB7989C22B5D0B04004FBF1D /* ViewController.swift in Sources */ = {isa = PBXBuildFile; fileRef = AB7989C12B5D0B04004FBF1D /* ViewController.swift */; };
		AB7989C52B5D0B05004FBF1D /* Main.storyboard in Resources */ = {isa = PBXBuildFile; fileRef = AB7989C32B5D0B05004FBF1D /* Main.storyboard */; };
		AB7989C72B5D0B05004FBF1D /* Assets.xcassets in Resources */ = {isa = PBXBuildFile; fileRef = AB7989C62B5D0B05004FBF1D /* Assets.xcassets */; };
		AB7989CA2B5D0B05004FBF1D /* LaunchScreen.storyboard in Resources */ = {isa = PBXBuildFile; fileRef = AB7989C82B5D0B05004FBF1D /* LaunchScreen.storyboard */; };
		AB7989D52B5D0B05004FBF1D /* I_Am_PoorTests.swift in Sources */ = {isa = PBXBuildFile; fileRef = AB7989D42B5D0B05004FBF1D /* I_Am_PoorTests.swift */; };
		AB7989DF2B5D0B05004FBF1D /* I_Am_PoorUITests.swift in Sources */ = {isa = PBXBuildFile; fileRef = AB7989DE2B5D0B05004FBF1D /* I_Am_PoorUITests.swift */; };
		AB7989E12B5D0B05004FBF1D /* I_Am_PoorUITestsLaunchTests.swift in Sources */ = {isa = PBXBuildFile; fileRef = AB7989E02B5D0B05004FBF1D /* I_Am_PoorUITestsLaunchTests.swift */; };
/* End PBXBuildFile section */

/* Begin PBXContainerItemProxy section */
		AB7989D12B5D0B05004FBF1D /* PBXContainerItemProxy */ = {
			isa = PBXContainerItemProxy;
			containerPortal = AB7989B22B5D0B04004FBF1D /* Project object */;
			proxyType = 1;
			remoteGlobalIDString = AB7989B92B5D0B04004FBF1D;
			remoteInfo = "I Am Poor";
		};
		AB7989DB2B5D0B05004FBF1D /* PBXContainerItemProxy */ = {
			isa = PBXContainerItemProxy;
			containerPortal = AB7989B22B5D0B04004FBF1D /* Project object */;
			proxyType = 1;
			remoteGlobalIDString = AB7989B92B5D0B04004FBF1D;
			remoteInfo = "I Am Poor";
		};
/* End PBXContainerItemProxy section */

/* Begin PBXFileReference section */
		AB7989BA2B5D0B04004FBF1D /* I Am Poor.app */ = {isa = PBXFileReference; explicitFileType = wrapper.application; includeInIndex = 0; path = "I Am Poor.app"; sourceTree = BUILT_PRODUCTS_DIR; };
		AB7989BD2B5D0B04004FBF1D /* AppDelegate.swift */ = {isa = PBXFileReference; lastKnownFileType = sourcecode.swift; path = AppDelegate.swift; sourceTree = "<group>"; };
		AB7989BF2B5D0B04004FBF1D /* SceneDelegate.swift */ = {isa = PBXFileReference; lastKnownFileType = sourcecode.swift; path = SceneDelegate.swift; sourceTree = "<group>"; };
		AB7989C12B5D0B04004FBF1D /* ViewController.swift */ = {isa = PBXFileReference; lastKnownFileType = sourcecode.swift; path = ViewController.swift; sourceTree = "<group>"; };
		AB7989C42B5D0B05004FBF1D /* Base */ = {isa = PBXFileReference; lastKnownFileType = file.storyboard; name = Base; path = Base.lproj/Main.storyboard; sourceTree = "<group>"; };
		AB7989C62B5D0B05004FBF1D /* Assets.xcassets */ = {isa = PBXFileReference; lastKnownFileType = folder.assetcatalog; path = Assets.xcassets; sourceTree = "<group>"; };
		AB7989C92B5D0B05004FBF1D /* Base */ = {isa = PBXFileReference; lastKnownFileType = file.storyboard; name = Base; path = Base.lproj/LaunchScreen.storyboard; sourceTree = "<group>"; };
		AB7989CB2B5D0B05004FBF1D /* Info.plist */ = {isa = PBXFileReference; lastKnownFileType = text.plist.xml; path = Info.plist; sourceTree = "<group>"; };
		AB7989D02B5D0B05004FBF1D /* I Am PoorTests.xctest */ = {isa = PBXFileReference; explicitFileType = wrapper.cfbundle; includeInIndex = 0; path = "I Am PoorTests.xctest"; sourceTree = BUILT_PRODUCTS_DIR; };
		AB7989D42B5D0B05004FBF1D /* I_Am_PoorTests.swift */ = {isa = PBXFileReference; lastKnownFileType = sourcecode.swift; path = I_Am_PoorTests.swift; sourceTree = "<group>"; };
		AB7989DA2B5D0B05004FBF1D /* I Am PoorUITests.xctest */ = {isa = PBXFileReference; explicitFileType = wrapper.cfbundle; includeInIndex = 0; path = "I Am PoorUITests.xctest"; sourceTree = BUILT_PRODUCTS_DIR; };
		AB7989DE2B5D0B05004FBF1D /* I_Am_PoorUITests.swift */ = {isa = PBXFileReference; lastKnownFileType = sourcecode.swift; path = I_Am_PoorUITests.swift; sourceTree = "<group>"; };
		AB7989E02B5D0B05004FBF1D /* I_Am_PoorUITestsLaunchTests.swift */ = {isa = PBXFileReference; lastKnownFileType = sourcecode.swift; path = I_Am_PoorUITestsLaunchTests.swift; sourceTree = "<group>"; };
/* End PBXFileReference section */

/* Begin PBXFrameworksBuildPhase section */
		AB7989B72B5D0B04004FBF1D /* Frameworks */ = {
			isa = PBXFrameworksBuildPhase;
			buildActionMask = 2147483647;
			files = (
			);
			runOnlyForDeploymentPostprocessing = 0;
		};
		AB7989CD2B5D0B05004FBF1D /* Frameworks */ = {
			isa = PBXFrameworksBuildPhase;
			buildActionMask = 2147483647;
			files = (
			);
			runOnlyForDeploymentPostprocessing = 0;
		};
		AB7989D72B5D0B05004FBF1D /* Frameworks */ = {
			isa = PBXFrameworksBuildPhase;
			buildActionMask = 2147483647;
			files = (
			);
			runOnlyForDeploymentPostprocessing = 0;
		};
/* End PBXFrameworksBuildPhase section */

/* Begin PBXGroup section */
		AB7989B12B5D0B04004FBF1D = {
			isa = PBXGroup;
			children = (
				AB7989BC2B5D0B04004FBF1D /* I Am Poor */,
				AB7989D32B5D0B05004FBF1D /* I Am PoorTests */,
				AB7989DD2B5D0B05004FBF1D /* I Am PoorUITests */,
				AB7989BB2B5D0B04004FBF1D /* Products */,
			);
			sourceTree = "<group>";
		};
		AB7989BB2B5D0B04004FBF1D /* Products */ = {
			isa = PBXGroup;
			children = (
				AB7989BA2B5D0B04004FBF1D /* I Am Poor.app */,
				AB7989D02B5D0B05004FBF1D /* I Am PoorTests.xctest */,
				AB7989DA2B5D0B05004FBF1D /* I Am PoorUITests.xctest */,
			);
			name = Products;
			sourceTree = "<group>";
		};
		AB7989BC2B5D0B04004FBF1D /* I Am Poor */ = {
			isa = PBXGroup;
			children = (
				AB7989BD2B5D0B04004FBF1D /* AppDelegate.swift */,
				AB7989BF2B5D0B04004FBF1D /* SceneDelegate.swift */,
				AB7989C12B5D0B04004FBF1D /* ViewController.swift */,
				AB7989C32B5D0B05004FBF1D /* Main.storyboard */,
				AB7989C62B5D0B05004FBF1D /* Assets.xcassets */,
				AB7989C82B5D0B05004FBF1D /* LaunchScreen.storyboard */,
				AB7989CB2B5D0B05004FBF1D /* Info.plist */,
			);
			path = "I Am Poor";
			sourceTree = "<group>";
		};
		AB7989D32B5D0B05004FBF1D /* I Am PoorTests */ = {
			isa = PBXGroup;
			children = (
				AB7989D42B5D0B05004FBF1D /* I_Am_PoorTests.swift */,
			);
			path = "I Am PoorTests";
			sourceTree = "<group>";
		};
		AB7989DD2B5D0B05004FBF1D /* I Am PoorUITests */ = {
			isa = PBXGroup;
			children = (
				AB7989DE2B5D0B05004FBF1D /* I_Am_PoorUITests.swift */,
				AB7989E02B5D0B05004FBF1D /* I_Am_PoorUITestsLaunchTests.swift */,
			);
			path = "I Am PoorUITests";
			sourceTree = "<group>";
		};
/* End PBXGroup section */

/* Begin PBXNativeTarget section */
		AB7989B92B5D0B04004FBF1D /* I Am Poor */ = {
			isa = PBXNativeTarget;
			buildConfigurationList = AB7989E42B5D0B05004FBF1D /* Build configuration list for PBXNativeTarget "I Am Poor" */;
			buildPhases = (
				AB7989B62B5D0B04004FBF1D /* Sources */,
				AB7989B72B5D0B04004FBF1D /* Frameworks */,
				AB7989B82B5D0B04004FBF1D /* Resources */,
			);
			buildRules = (
			);
			dependencies = (
			);
			name = "I Am Poor";
			productName = "I Am Poor";
			productReference = AB7989BA2B5D0B04004FBF1D /* I Am Poor.app */;
			productType = "com.apple.product-type.application";
		};
		AB7989CF2B5D0B05004FBF1D /* I Am PoorTests */ = {
			isa = PBXNativeTarget;
			buildConfigurationList = AB7989E72B5D0B05004FBF1D /* Build configuration list for PBXNativeTarget "I Am PoorTests" */;
			buildPhases = (
				AB7989CC2B5D0B05004FBF1D /* Sources */,
				AB7989CD2B5D0B05004FBF1D /* Frameworks */,
				AB7989CE2B5D0B05004FBF1D /* Resources */,
			);
			buildRules = (
			);
			dependencies = (
				AB7989D22B5D0B05004FBF1D /* PBXTargetDependency */,
			);
			name = "I Am PoorTests";
			productName = "I Am PoorTests";
			productReference = AB7989D02B5D0B05004FBF1D /* I Am PoorTests.xctest */;
			productType = "com.apple.product-type.bundle.unit-test";
		};
		AB7989D92B5D0B05004FBF1D /* I Am PoorUITests */ = {
			isa = PBXNativeTarget;
			buildConfigurationList = AB7989EA2B5D0B05004FBF1D /* Build configuration list for PBXNativeTarget "I Am PoorUITests" */;
			buildPhases = (
				AB7989D62B5D0B05004FBF1D /* Sources */,
				AB7989D72B5D0B05004FBF1D /* Frameworks */,
				AB7989D82B5D0B05004FBF1D /* Resources */,
			);
			buildRules = (
			);
			dependencies = (
				AB7989DC2B5D0B05004FBF1D /* PBXTargetDependency */,
			);
			name = "I Am PoorUITests";
			productName = "I Am PoorUITests";
			productReference = AB7989DA2B5D0B05004FBF1D /* I Am PoorUITests.xctest */;
			productType = "com.apple.product-type.bundle.ui-testing";
		};
/* End PBXNativeTarget section */

/* Begin PBXProject section */
		AB7989B22B5D0B04004FBF1D /* Project object */ = {
			isa = PBXProject;
			attributes = {
				BuildIndependentTargetsInParallel = 1;
				LastSwiftUpdateCheck = 1520;
				LastUpgradeCheck = 1520;
				TargetAttributes = {
					AB7989B92B5D0B04004FBF1D = {
						CreatedOnToolsVersion = 15.2;
					};
					AB7989CF2B5D0B05004FBF1D = {
						CreatedOnToolsVersion = 15.2;
						TestTargetID = AB7989B92B5D0B04004FBF1D;
					};
					AB7989D92B5D0B05004FBF1D = {
						CreatedOnToolsVersion = 15.2;
						TestTargetID = AB7989B92B5D0B04004FBF1D;
					};
				};
			};
			buildConfigurationList = AB7989B52B5D0B04004FBF1D /* Build configuration list for PBXProject "I Am Poor" */;
			compatibilityVersion = "Xcode 14.0";
			developmentRegion = en;
			hasScannedForEncodings = 0;
			knownRegions = (
				en,
				Base,
			);
			mainGroup = AB7989B12B5D0B04004FBF1D;
			productRefGroup = AB7989BB2B5D0B04004FBF1D /* Products */;
			projectDirPath = "";
			projectRoot = "";
			targets = (
				AB7989B92B5D0B04004FBF1D /* I Am Poor */,
				AB7989CF2B5D0B05004FBF1D /* I Am PoorTests */,
				AB7989D92B5D0B05004FBF1D /* I Am PoorUITests */,
			);
		};
/* End PBXProject section */

/* Begin PBXResourcesBuildPhase section */
		AB7989B82B5D0B04004FBF1D /* Resources */ = {
			isa = PBXResourcesBuildPhase;
			buildActionMask = 2147483647;
			files = (
				AB7989CA2B5D0B05004FBF1D /* LaunchScreen.storyboard in Resources */,
				AB7989C72B5D0B05004FBF1D /* Assets.xcassets in Resources */,
				AB7989C52B5D0B05004FBF1D /* Main.storyboard in Resources */,
			);
			runOnlyForDeploymentPostprocessing = 0;
		};
		AB7989CE2B5D0B05004FBF1D /* Resources */ = {
			isa = PBXResourcesBuildPhase;
			buildActionMask = 2147483647;
			files = (
			);
			runOnlyForDeploymentPostprocessing = 0;
		};
		AB7989D82B5D0B05004FBF1D /* Resources */ = {
			isa = PBXResourcesBuildPhase;
			buildActionMask = 2147483647;
			files = (
			);
			runOnlyForDeploymentPostprocessing = 0;
		};
/* End PBXResourcesBuildPhase section */

/* Begin PBXSourcesBuildPhase section */
		AB7989B62B5D0B04004FBF1D /* Sources */ = {
			isa = PBXSourcesBuildPhase;
			buildActionMask = 2147483647;
			files = (
				AB7989C22B5D0B04004FBF1D /* ViewController.swift in Sources */,
				AB7989BE2B5D0B04004FBF1D /* AppDelegate.swift in Sources */,
				AB7989C02B5D0B04004FBF1D /* SceneDelegate.swift in Sources */,
			);
			runOnlyForDeploymentPostprocessing = 0;
		};
		AB7989CC2B5D0B05004FBF1D /* Sources */ = {
			isa = PBXSourcesBuildPhase;
			buildActionMask = 2147483647;
			files = (
				AB7989D52B5D0B05004FBF1D /* I_Am_PoorTests.swift in Sources */,
			);
			runOnlyForDeploymentPostprocessing = 0;
		};
		AB7989D62B5D0B05004FBF1D /* Sources */ = {
			isa = PBXSourcesBuildPhase;
			buildActionMask = 2147483647;
			files = (
				AB7989E12B5D0B05004FBF1D /* I_Am_PoorUITestsLaunchTests.swift in Sources */,
				AB7989DF2B5D0B05004FBF1D /* I_Am_PoorUITests.swift in Sources */,
			);
			runOnlyForDeploymentPostprocessing = 0;
		};
/* End PBXSourcesBuildPhase section */

/* Begin PBXTargetDependency section */
		AB7989D22B5D0B05004FBF1D /* PBXTargetDependency */ = {
			isa = PBXTargetDependency;
			target = AB7989B92B5D0B04004FBF1D /* I Am Poor */;
			targetProxy = AB7989D12B5D0B05004FBF1D /* PBXContainerItemProxy */;
		};
		AB7989DC2B5D0B05004FBF1D /* PBXTargetDependency */ = {
			isa = PBXTargetDependency;
			target = AB7989B92B5D0B04004FBF1D /* I Am Poor */;
			targetProxy = AB7989DB2B5D0B05004FBF1D /* PBXContainerItemProxy */;
		};
/* End PBXTargetDependency section */

/* Begin PBXVariantGroup section */
		AB7989C32B5D0B05004FBF1D /* Main.storyboard */ = {
			isa = PBXVariantGroup;
			children = (
				AB7989C42B5D0B05004FBF1D /* Base */,
			);
			name = Main.storyboard;
			sourceTree = "<group>";
		};
		AB7989C82B5D0B05004FBF1D /* LaunchScreen.storyboard */ = {
			isa = PBXVariantGroup;
			children = (
				AB7989C92B5D0B05004FBF1D /* Base */,
			);
			name = LaunchScreen.storyboard;
			sourceTree = "<group>";
		};
/* End PBXVariantGroup section */

/* Begin XCBuildConfiguration section */
		AB7989E22B5D0B05004FBF1D /* Debug */ = {
			isa = XCBuildConfiguration;
			buildSettings = {
				ALWAYS_SEARCH_USER_PATHS = NO;
				ASSETCATALOG_COMPILER_GENERATE_SWIFT_ASSET_SYMBOL_EXTENSIONS = YES;
				CLANG_ANALYZER_NONNULL = YES;
				CLANG_ANALYZER_NUMBER_OBJECT_CONVERSION = YES_AGGRESSIVE;
				CLANG_CXX_LANGUAGE_STANDARD = "gnu++20";
				CLANG_ENABLE_MODULES = YES;
				CLANG_ENABLE_OBJC_ARC = YES;
				CLANG_ENABLE_OBJC_WEAK = YES;
				CLANG_WARN_BLOCK_CAPTURE_AUTORELEASING = YES;
				CLANG_WARN_BOOL_CONVERSION = YES;
				CLANG_WARN_COMMA = YES;
				CLANG_WARN_CONSTANT_CONVERSION = YES;
				CLANG_WARN_DEPRECATED_OBJC_IMPLEMENTATIONS = YES;
				CLANG_WARN_DIRECT_OBJC_ISA_USAGE = YES_ERROR;
				CLANG_WARN_DOCUMENTATION_COMMENTS = YES;
				CLANG_WARN_EMPTY_BODY = YES;
				CLANG_WARN_ENUM_CONVERSION = YES;
				CLANG_WARN_INFINITE_RECURSION = YES;
				CLANG_WARN_INT_CONVERSION = YES;
				CLANG_WARN_NON_LITERAL_NULL_CONVERSION = YES;
				CLANG_WARN_OBJC_IMPLICIT_RETAIN_SELF = YES;
				CLANG_WARN_OBJC_LITERAL_CONVERSION = YES;
				CLANG_WARN_OBJC_ROOT_CLASS = YES_ERROR;
				CLANG_WARN_QUOTED_INCLUDE_IN_FRAMEWORK_HEADER = YES;
				CLANG_WARN_RANGE_LOOP_ANALYSIS = YES;
				CLANG_WARN_STRICT_PROTOTYPES = YES;
				CLANG_WARN_SUSPICIOUS_MOVE = YES;
				CLANG_WARN_UNGUARDED_AVAILABILITY = YES_AGGRESSIVE;
				CLANG_WARN_UNREACHABLE_CODE = YES;
				CLANG_WARN__DUPLICATE_METHOD_MATCH = YES;
				COPY_PHASE_STRIP = NO;
				DEBUG_INFORMATION_FORMAT = dwarf;
				ENABLE_STRICT_OBJC_MSGSEND = YES;
				ENABLE_TESTABILITY = YES;
				ENABLE_USER_SCRIPT_SANDBOXING = YES;
				GCC_C_LANGUAGE_STANDARD = gnu17;
				GCC_DYNAMIC_NO_PIC = NO;
				GCC_NO_COMMON_BLOCKS = YES;
				GCC_OPTIMIZATION_LEVEL = 0;
				GCC_PREPROCESSOR_DEFINITIONS = (
					"DEBUG=1",
					"$(inherited)",
				);
				GCC_WARN_64_TO_32_BIT_CONVERSION = YES;
				GCC_WARN_ABOUT_RETURN_TYPE = YES_ERROR;
				GCC_WARN_UNDECLARED_SELECTOR = YES;
				GCC_WARN_UNINITIALIZED_AUTOS = YES_AGGRESSIVE;
				GCC_WARN_UNUSED_FUNCTION = YES;
				GCC_WARN_UNUSED_VARIABLE = YES;
				IPHONEOS_DEPLOYMENT_TARGET = 17.2;
				LOCALIZATION_PREFERS_STRING_CATALOGS = YES;
				MTL_ENABLE_DEBUG_INFO = INCLUDE_SOURCE;
				MTL_FAST_MATH = YES;
				ONLY_ACTIVE_ARCH = YES;
				SDKROOT = iphoneos;
				SWIFT_ACTIVE_COMPILATION_CONDITIONS = "DEBUG $(inherited)";
				SWIFT_OPTIMIZATION_LEVEL = "-Onone";
			};
			name = Debug;
		};
		AB7989E32B5D0B05004FBF1D /* Release */ = {
			isa = XCBuildConfiguration;
			buildSettings = {
				ALWAYS_SEARCH_USER_PATHS = NO;
				ASSETCATALOG_COMPILER_GENERATE_SWIFT_ASSET_SYMBOL_EXTENSIONS = YES;
				CLANG_ANALYZER_NONNULL = YES;
				CLANG_ANALYZER_NUMBER_OBJECT_CONVERSION = YES_AGGRESSIVE;
				CLANG_CXX_LANGUAGE_STANDARD = "gnu++20";
				CLANG_ENABLE_MODULES = YES;
				CLANG_ENABLE_OBJC_ARC = YES;
				CLANG_ENABLE_OBJC_WEAK = YES;
				CLANG_WARN_BLOCK_CAPTURE_AUTORELEASING = YES;
				CLANG_WARN_BOOL_CONVERSION = YES;
				CLANG_WARN_COMMA = YES;
				CLANG_WARN_CONSTANT_CONVERSION = YES;
				CLANG_WARN_DEPRECATED_OBJC_IMPLEMENTATIONS = YES;
				CLANG_WARN_DIRECT_OBJC_ISA_USAGE = YES_ERROR;
				CLANG_WARN_DOCUMENTATION_COMMENTS = YES;
				CLANG_WARN_EMPTY_BODY = YES;
				CLANG_WARN_ENUM_CONVERSION = YES;
				CLANG_WARN_INFINITE_RECURSION = YES;
				CLANG_WARN_INT_CONVERSION = YES;
				CLANG_WARN_NON_LITERAL_NULL_CONVERSION = YES;
				CLANG_WARN_OBJC_IMPLICIT_RETAIN_SELF = YES;
				CLANG_WARN_OBJC_LITERAL_CONVERSION = YES;
				CLANG_WARN_OBJC_ROOT_CLASS = YES_ERROR;
				CLANG_WARN_QUOTED_INCLUDE_IN_FRAMEWORK_HEADER = YES;
				CLANG_WARN_RANGE_LOOP_ANALYSIS = YES;
				CLANG_WARN_STRICT_PROTOTYPES = YES;
				CLANG_WARN_SUSPICIOUS_MOVE = YES;
				CLANG_WARN_UNGUARDED_AVAILABILITY = YES_AGGRESSIVE;
				CLANG_WARN_UNREACHABLE_CODE = YES;
				CLANG_WARN__DUPLICATE_METHOD_MATCH = YES;
				COPY_PHASE_STRIP = NO;
				DEBUG_INFORMATION_FORMAT = "dwarf-with-dsym";
				ENABLE_NS_ASSERTIONS = NO;
				ENABLE_STRICT_OBJC_MSGSEND = YES;
				ENABLE_USER_SCRIPT_SANDBOXING = YES;
				GCC_C_LANGUAGE_STANDARD = gnu17;
				GCC_NO_COMMON_BLOCKS = YES;
				GCC_WARN_64_TO_32_BIT_CONVERSION = YES;
				GCC_WARN_ABOUT_RETURN_TYPE = YES_ERROR;
				GCC_WARN_UNDECLARED_SELECTOR = YES;
				GCC_WARN_UNINITIALIZED_AUTOS = YES_AGGRESSIVE;
				GCC_WARN_UNUSED_FUNCTION = YES;
				GCC_WARN_UNUSED_VARIABLE = YES;
				IPHONEOS_DEPLOYMENT_TARGET = 17.2;
				LOCALIZATION_PREFERS_STRING_CATALOGS = YES;
				MTL_ENABLE_DEBUG_INFO = NO;
				MTL_FAST_MATH = YES;
				SDKROOT = iphoneos;
				SWIFT_COMPILATION_MODE = wholemodule;
				VALIDATE_PRODUCT = YES;
			};
			name = Release;
		};
		AB7989E52B5D0B05004FBF1D /* Debug */ = {
			isa = XCBuildConfiguration;
			buildSettings = {
				ASSETCATALOG_COMPILER_APPICON_NAME = AppIcon;
				ASSETCATALOG_COMPILER_GLOBAL_ACCENT_COLOR_NAME = AccentColor;
				CODE_SIGN_STYLE = Automatic;
				CURRENT_PROJECT_VERSION = 1;
				GENERATE_INFOPLIST_FILE = YES;
				INFOPLIST_FILE = "I Am Poor/Info.plist";
				INFOPLIST_KEY_UIApplicationSupportsIndirectInputEvents = YES;
				INFOPLIST_KEY_UILaunchStoryboardName = LaunchScreen;
				INFOPLIST_KEY_UIMainStoryboardFile = Main;
				INFOPLIST_KEY_UISupportedInterfaceOrientations_iPad = "UIInterfaceOrientationPortrait UIInterfaceOrientationPortraitUpsideDown UIInterfaceOrientationLandscapeLeft UIInterfaceOrientationLandscapeRight";
				INFOPLIST_KEY_UISupportedInterfaceOrientations_iPhone = "UIInterfaceOrientationPortrait UIInterfaceOrientationLandscapeLeft UIInterfaceOrientationLandscapeRight";
				LD_RUNPATH_SEARCH_PATHS = (
					"$(inherited)",
					"@executable_path/Frameworks",
				);
				MARKETING_VERSION = 1.0;
				PRODUCT_BUNDLE_IDENTIFIER = "com.ayaneshsarkar.I-Am-Poor";
				PRODUCT_NAME = "$(TARGET_NAME)";
				SWIFT_EMIT_LOC_STRINGS = YES;
				SWIFT_VERSION = 5.0;
				TARGETED_DEVICE_FAMILY = "1,2";
			};
			name = Debug;
		};
		AB7989E62B5D0B05004FBF1D /* Release */ = {
			isa = XCBuildConfiguration;
			buildSettings = {
				ASSETCATALOG_COMPILER_APPICON_NAME = AppIcon;
				ASSETCATALOG_COMPILER_GLOBAL_ACCENT_COLOR_NAME = AccentColor;
				CODE_SIGN_STYLE = Automatic;
				CURRENT_PROJECT_VERSION = 1;
				GENERATE_INFOPLIST_FILE = YES;
				INFOPLIST_FILE = "I Am Poor/Info.plist";
				INFOPLIST_KEY_UIApplicationSupportsIndirectInputEvents = YES;
				INFOPLIST_KEY_UILaunchStoryboardName = LaunchScreen;
				INFOPLIST_KEY_UIMainStoryboardFile = Main;
				INFOPLIST_KEY_UISupportedInterfaceOrientations_iPad = "UIInterfaceOrientationPortrait UIInterfaceOrientationPortraitUpsideDown UIInterfaceOrientationLandscapeLeft UIInterfaceOrientationLandscapeRight";
				INFOPLIST_KEY_UISupportedInterfaceOrientations_iPhone = "UIInterfaceOrientationPortrait UIInterfaceOrientationLandscapeLeft UIInterfaceOrientationLandscapeRight";
				LD_RUNPATH_SEARCH_PATHS = (
					"$(inherited)",
					"@executable_path/Frameworks",
				);
				MARKETING_VERSION = 1.0;
				PRODUCT_BUNDLE_IDENTIFIER = "com.ayaneshsarkar.I-Am-Poor";
				PRODUCT_NAME = "$(TARGET_NAME)";
				SWIFT_EMIT_LOC_STRINGS = YES;
				SWIFT_VERSION = 5.0;
				TARGETED_DEVICE_FAMILY = "1,2";
			};
			name = Release;
		};
		AB7989E82B5D0B05004FBF1D /* Debug */ = {
			isa = XCBuildConfiguration;
			buildSettings = {
				ALWAYS_EMBED_SWIFT_STANDARD_LIBRARIES = YES;
				BUNDLE_LOADER = "$(TEST_HOST)";
				CODE_SIGN_STYLE = Automatic;
				CURRENT_PROJECT_VERSION = 1;
				GENERATE_INFOPLIST_FILE = YES;
				IPHONEOS_DEPLOYMENT_TARGET = 17.2;
				MARKETING_VERSION = 1.0;
				PRODUCT_BUNDLE_IDENTIFIER = "com.ayaneshsarkar.I-Am-PoorTests";
				PRODUCT_NAME = "$(TARGET_NAME)";
				SWIFT_EMIT_LOC_STRINGS = NO;
				SWIFT_VERSION = 5.0;
				TARGETED_DEVICE_FAMILY = "1,2";
				TEST_HOST = "$(BUILT_PRODUCTS_DIR)/I Am Poor.app/$(BUNDLE_EXECUTABLE_FOLDER_PATH)/I Am Poor";
			};
			name = Debug;
		};
		AB7989E92B5D0B05004FBF1D /* Release */ = {
			isa = XCBuildConfiguration;
			buildSettings = {
				ALWAYS_EMBED_SWIFT_STANDARD_LIBRARIES = YES;
				BUNDLE_LOADER = "$(TEST_HOST)";
				CODE_SIGN_STYLE = Automatic;
				CURRENT_PROJECT_VERSION = 1;
				GENERATE_INFOPLIST_FILE = YES;
				IPHONEOS_DEPLOYMENT_TARGET = 17.2;
				MARKETING_VERSION = 1.0;
				PRODUCT_BUNDLE_IDENTIFIER = "com.ayaneshsarkar.I-Am-PoorTests";
				PRODUCT_NAME = "$(TARGET_NAME)";
				SWIFT_EMIT_LOC_STRINGS = NO;
				SWIFT_VERSION = 5.0;
				TARGETED_DEVICE_FAMILY = "1,2";
				TEST_HOST = "$(BUILT_PRODUCTS_DIR)/I Am Poor.app/$(BUNDLE_EXECUTABLE_FOLDER_PATH)/I Am Poor";
			};
			name = Release;
		};
		AB7989EB2B5D0B05004FBF1D /* Debug */ = {
			isa = XCBuildConfiguration;
			buildSettings = {
				ALWAYS_EMBED_SWIFT_STANDARD_LIBRARIES = YES;
				CODE_SIGN_STYLE = Automatic;
				CURRENT_PROJECT_VERSION = 1;
				GENERATE_INFOPLIST_FILE = YES;
				MARKETING_VERSION = 1.0;
				PRODUCT_BUNDLE_IDENTIFIER = "com.ayaneshsarkar.I-Am-PoorUITests";
				PRODUCT_NAME = "$(TARGET_NAME)";
				SWIFT_EMIT_LOC_STRINGS = NO;
				SWIFT_VERSION = 5.0;
				TARGETED_DEVICE_FAMILY = "1,2";
				TEST_TARGET_NAME = "I Am Poor";
			};
			name = Debug;
		};
		AB7989EC2B5D0B05004FBF1D /* Release */ = {
			isa = XCBuildConfiguration;
			buildSettings = {
				ALWAYS_EMBED_SWIFT_STANDARD_LIBRARIES = YES;
				CODE_SIGN_STYLE = Automatic;
				CURRENT_PROJECT_VERSION = 1;
				GENERATE_INFOPLIST_FILE = YES;
				MARKETING_VERSION = 1.0;
				PRODUCT_BUNDLE_IDENTIFIER = "com.ayaneshsarkar.I-Am-PoorUITests";
				PRODUCT_NAME = "$(TARGET_NAME)";
				SWIFT_EMIT_LOC_STRINGS = NO;
				SWIFT_VERSION = 5.0;
				TARGETED_DEVICE_FAMILY = "1,2";
				TEST_TARGET_NAME = "I Am Poor";
			};
			name = Release;
		};
/* End XCBuildConfiguration section */

/* Begin XCConfigurationList section */
		AB7989B52B5D0B04004FBF1D /* Build configuration list for PBXProject "I Am Poor" */ = {
			isa = XCConfigurationList;
			buildConfigurations = (
				AB7989E22B5D0B05004FBF1D /* Debug */,
				AB7989E32B5D0B05004FBF1D /* Release */,
			);
			defaultConfigurationIsVisible = 0;
			defaultConfigurationName = Release;
		};
		AB7989E42B5D0B05004FBF1D /* Build configuration list for PBXNativeTarget "I Am Poor" */ = {
			isa = XCConfigurationList;
			buildConfigurations = (
				AB7989E52B5D0B05004FBF1D /* Debug */,
				AB7989E62B5D0B05004FBF1D /* Release */,
			);
			defaultConfigurationIsVisible = 0;
			defaultConfigurationName = Release;
		};
		AB7989E72B5D0B05004FBF1D /* Build configuration list for PBXNativeTarget "I Am PoorTests" */ = {
			isa = XCConfigurationList;
			buildConfigurations = (
				AB7989E82B5D0B05004FBF1D /* Debug */,
				AB7989E92B5D0B05004FBF1D /* Release */,
			);
			defaultConfigurationIsVisible = 0;
			defaultConfigurationName = Release;
		};
		AB7989EA2B5D0B05004FBF1D /* Build configuration list for PBXNativeTarget "I Am PoorUITests" */ = {
			isa = XCConfigurationList;
			buildConfigurations = (
				AB7989EB2B5D0B05004FBF1D /* Debug */,
				AB7989EC2B5D0B05004FBF1D /* Release */,
			);
			defaultConfigurationIsVisible = 0;
			defaultConfigurationName = Release;
		};
/* End XCConfigurationList section */
	};
	rootObject = AB7989B22B5D0B04004FBF1D /* Project object */;
}
